
Microsoft Visual Studio Solution File, Format Version 12.00
# Visual Studio Version 16
VisualStudioVersion = 16.0.31727.386
MinimumVisualStudioVersion = 10.0.40219.1
Project("{8BC9CEB8-8B4A-11D0-8D11-00A0C91BC942}") = "cwg.sourcePE", "cwg.sourcePE\cwg.sourcePE.vcxproj", "{52331974-83CE-4653-9A02-5542C36E0F67}"
EndProject
Global
	GlobalSection(SolutionConfigurationPlatforms) = preSolution
		Debug|x64 = Debug|x64
		Debug|x86 = Debug|x86
		Release|x64 = Release|x64
		Release|x86 = Release|x86
	EndGlobalSection
	GlobalSection(ProjectConfigurationPlatforms) = postSolution
		{52331974-83CE-4653-9A02-5542C36E0F67}.Debug|x64.ActiveCfg = Debug|x64
		{52331974-83CE-4653-9A02-5542C36E0F67}.Debug|x64.Build.0 = Debug|x64
		{52331974-83CE-4653-9A02-5542C36E0F67}.Debug|x86.ActiveCfg = Debug|Win32
		{52331974-83CE-4653-9A02-5542C36E0F67}.Debug|x86.Build.0 = Debug|Win32
		{52331974-83CE-4653-9A02-5542C36E0F67}.Release|x64.ActiveCfg = Release|x64
		{52331974-83CE-4653-9A02-5542C36E0F67}.Release|x64.Build.0 = Release|x64
		{52331974-83CE-4653-9A02-5542C36E0F67}.Release|x86.ActiveCfg = Release|Win32
		{52331974-83CE-4653-9A02-5542C36E0F67}.Release|x86.Build.0 = Release|Win32
	EndGlobalSection
	GlobalSection(SolutionProperties) = preSolution
		HideSolutionNode = FALSE
	EndGlobalSection
	GlobalSection(ExtensibilityGlobals) = postSolution
		SolutionGuid = {882C7853-0AF0-44E4-8985-73A664A3885D}
	EndGlobalSection
EndGlobal
