
Microsoft Visual Studio Solution File, Format Version 12.00
# Visual Studio Version 16
VisualStudioVersion = 16.0.31624.102
MinimumVisualStudioVersion = 10.0.40219.1
Project("{FAE04EC0-301F-11D3-BF4B-00C04F79EFBC}") = "cwg.SourceLNK", "cwg.SourceLNK.csproj", "{FF05957E-661B-498C-8520-2CBBE5B28EB9}"
EndProject
Global
	GlobalSection(SolutionConfigurationPlatforms) = preSolution
		Debug|Any CPU = Debug|Any CPU
		Release|Any CPU = Release|Any CPU
	EndGlobalSection
	GlobalSection(ProjectConfigurationPlatforms) = postSolution
		{FF05957E-661B-498C-8520-2CBBE5B28EB9}.Debug|Any CPU.ActiveCfg = Debug|Any CPU
		{FF05957E-661B-498C-8520-2CBBE5B28EB9}.Debug|Any CPU.Build.0 = Debug|Any CPU
		{FF05957E-661B-498C-8520-2CBBE5B28EB9}.Release|Any CPU.ActiveCfg = Release|Any CPU
		{FF05957E-661B-498C-8520-2CBBE5B28EB9}.Release|Any CPU.Build.0 = Release|Any CPU
	EndGlobalSection
	GlobalSection(SolutionProperties) = preSolution
		HideSolutionNode = FALSE
	EndGlobalSection
	GlobalSection(ExtensibilityGlobals) = postSolution
		SolutionGuid = {0E5FA5E2-BED8-42F9-81C6-95C490D5034C}
	EndGlobalSection
EndGlobal
