
Microsoft Visual Studio Solution File, Format Version 12.00
# Visual Studio Version 16
VisualStudioVersion = 16.0.28606.126
MinimumVisualStudioVersion = 10.0.40219.1
Project("{9A19103F-16F7-4668-BE54-9A1E7A4F7556}") = "cwg.web", "cwg.web\cwg.web.csproj", "{68121684-A924-4BAC-BD93-2BDA8E053F5E}"
EndProject
Project("{8BC9CEB8-8B4A-11D0-8D11-00A0C91BC942}") = "cwg.sourceELF", "cwg.sourceELF\cwg.sourceELF.vcxproj", "{08BD1E6F-BF0E-4F9B-83E4-1B79ED795334}"
EndProject
Project("{FAE04EC0-301F-11D3-BF4B-00C04F79EFBC}") = "cwg.sourceWPFSIGNED", "cwg.sourceWPFSIGNED\cwg.sourceWPFSIGNED.csproj", "{96CA4474-F0F2-4906-BB9B-1944716F24B8}"
EndProject
Project("{8BC9CEB8-8B4A-11D0-8D11-00A0C91BC942}") = "cwg.sourcePE", "cwg.sourcePE\cwg.sourcePE.vcxproj", "{7D7BBAD1-36BA-425E-B5B8-2482BADC49E1}"
EndProject
Project("{FAE04EC0-301F-11D3-BF4B-00C04F79EFBC}") = "cwg.sourcePE+", "cwg.sourcePE+\cwg.sourcePE+.csproj", "{8B43AB7A-78F8-4965-B68E-C71A0B52F61F}"
EndProject
Project("{8BC9CEB8-8B4A-11D0-8D11-00A0C91BC942}") = "cwg.sourceDLL", "cwg.sourceDLL\cwg.sourceDLL.vcxproj", "{54FFE5D0-3FD7-4240-B96D-C6F90ED6333B}"
EndProject
Global
	GlobalSection(SolutionConfigurationPlatforms) = preSolution
		Debug|Any CPU = Debug|Any CPU
		Debug|ARM = Debug|ARM
		Debug|x64 = Debug|x64
		Debug|x86 = Debug|x86
		Release|Any CPU = Release|Any CPU
		Release|ARM = Release|ARM
		Release|x64 = Release|x64
		Release|x86 = Release|x86
	EndGlobalSection
	GlobalSection(ProjectConfigurationPlatforms) = postSolution
		{68121684-A924-4BAC-BD93-2BDA8E053F5E}.Debug|Any CPU.ActiveCfg = Debug|Any CPU
		{68121684-A924-4BAC-BD93-2BDA8E053F5E}.Debug|Any CPU.Build.0 = Debug|Any CPU
		{68121684-A924-4BAC-BD93-2BDA8E053F5E}.Debug|ARM.ActiveCfg = Debug|Any CPU
		{68121684-A924-4BAC-BD93-2BDA8E053F5E}.Debug|ARM.Build.0 = Debug|Any CPU
		{68121684-A924-4BAC-BD93-2BDA8E053F5E}.Debug|x64.ActiveCfg = Debug|Any CPU
		{68121684-A924-4BAC-BD93-2BDA8E053F5E}.Debug|x64.Build.0 = Debug|Any CPU
		{68121684-A924-4BAC-BD93-2BDA8E053F5E}.Debug|x86.ActiveCfg = Debug|Any CPU
		{68121684-A924-4BAC-BD93-2BDA8E053F5E}.Debug|x86.Build.0 = Debug|Any CPU
		{68121684-A924-4BAC-BD93-2BDA8E053F5E}.Release|Any CPU.ActiveCfg = Release|Any CPU
		{68121684-A924-4BAC-BD93-2BDA8E053F5E}.Release|Any CPU.Build.0 = Release|Any CPU
		{68121684-A924-4BAC-BD93-2BDA8E053F5E}.Release|ARM.ActiveCfg = Release|Any CPU
		{68121684-A924-4BAC-BD93-2BDA8E053F5E}.Release|ARM.Build.0 = Release|Any CPU
		{68121684-A924-4BAC-BD93-2BDA8E053F5E}.Release|x64.ActiveCfg = Release|Any CPU
		{68121684-A924-4BAC-BD93-2BDA8E053F5E}.Release|x64.Build.0 = Release|Any CPU
		{68121684-A924-4BAC-BD93-2BDA8E053F5E}.Release|x86.ActiveCfg = Release|Any CPU
		{68121684-A924-4BAC-BD93-2BDA8E053F5E}.Release|x86.Build.0 = Release|Any CPU
		{08BD1E6F-BF0E-4F9B-83E4-1B79ED795334}.Debug|Any CPU.ActiveCfg = Debug|x86
		{08BD1E6F-BF0E-4F9B-83E4-1B79ED795334}.Debug|ARM.ActiveCfg = Debug|ARM
		{08BD1E6F-BF0E-4F9B-83E4-1B79ED795334}.Debug|ARM.Build.0 = Debug|ARM
		{08BD1E6F-BF0E-4F9B-83E4-1B79ED795334}.Debug|x64.ActiveCfg = Debug|x64
		{08BD1E6F-BF0E-4F9B-83E4-1B79ED795334}.Debug|x64.Build.0 = Debug|x64
		{08BD1E6F-BF0E-4F9B-83E4-1B79ED795334}.Debug|x86.ActiveCfg = Debug|x86
		{08BD1E6F-BF0E-4F9B-83E4-1B79ED795334}.Debug|x86.Build.0 = Debug|x86
		{08BD1E6F-BF0E-4F9B-83E4-1B79ED795334}.Release|Any CPU.ActiveCfg = Release|x86
		{08BD1E6F-BF0E-4F9B-83E4-1B79ED795334}.Release|ARM.ActiveCfg = Release|ARM
		{08BD1E6F-BF0E-4F9B-83E4-1B79ED795334}.Release|ARM.Build.0 = Release|ARM
		{08BD1E6F-BF0E-4F9B-83E4-1B79ED795334}.Release|x64.ActiveCfg = Release|x64
		{08BD1E6F-BF0E-4F9B-83E4-1B79ED795334}.Release|x64.Build.0 = Release|x64
		{08BD1E6F-BF0E-4F9B-83E4-1B79ED795334}.Release|x86.ActiveCfg = Release|x86
		{08BD1E6F-BF0E-4F9B-83E4-1B79ED795334}.Release|x86.Build.0 = Release|x86
		{96CA4474-F0F2-4906-BB9B-1944716F24B8}.Debug|Any CPU.ActiveCfg = Debug|Any CPU
		{96CA4474-F0F2-4906-BB9B-1944716F24B8}.Debug|Any CPU.Build.0 = Debug|Any CPU
		{96CA4474-F0F2-4906-BB9B-1944716F24B8}.Debug|ARM.ActiveCfg = Debug|Any CPU
		{96CA4474-F0F2-4906-BB9B-1944716F24B8}.Debug|ARM.Build.0 = Debug|Any CPU
		{96CA4474-F0F2-4906-BB9B-1944716F24B8}.Debug|x64.ActiveCfg = Debug|Any CPU
		{96CA4474-F0F2-4906-BB9B-1944716F24B8}.Debug|x64.Build.0 = Debug|Any CPU
		{96CA4474-F0F2-4906-BB9B-1944716F24B8}.Debug|x86.ActiveCfg = Debug|Any CPU
		{96CA4474-F0F2-4906-BB9B-1944716F24B8}.Debug|x86.Build.0 = Debug|Any CPU
		{96CA4474-F0F2-4906-BB9B-1944716F24B8}.Release|Any CPU.ActiveCfg = Release|Any CPU
		{96CA4474-F0F2-4906-BB9B-1944716F24B8}.Release|Any CPU.Build.0 = Release|Any CPU
		{96CA4474-F0F2-4906-BB9B-1944716F24B8}.Release|ARM.ActiveCfg = Release|Any CPU
		{96CA4474-F0F2-4906-BB9B-1944716F24B8}.Release|ARM.Build.0 = Release|Any CPU
		{96CA4474-F0F2-4906-BB9B-1944716F24B8}.Release|x64.ActiveCfg = Release|Any CPU
		{96CA4474-F0F2-4906-BB9B-1944716F24B8}.Release|x64.Build.0 = Release|Any CPU
		{96CA4474-F0F2-4906-BB9B-1944716F24B8}.Release|x86.ActiveCfg = Release|Any CPU
		{96CA4474-F0F2-4906-BB9B-1944716F24B8}.Release|x86.Build.0 = Release|Any CPU
		{7D7BBAD1-36BA-425E-B5B8-2482BADC49E1}.Debug|Any CPU.ActiveCfg = Debug|Win32
		{7D7BBAD1-36BA-425E-B5B8-2482BADC49E1}.Debug|ARM.ActiveCfg = Debug|Win32
		{7D7BBAD1-36BA-425E-B5B8-2482BADC49E1}.Debug|x64.ActiveCfg = Debug|x64
		{7D7BBAD1-36BA-425E-B5B8-2482BADC49E1}.Debug|x64.Build.0 = Debug|x64
		{7D7BBAD1-36BA-425E-B5B8-2482BADC49E1}.Debug|x86.ActiveCfg = Debug|Win32
		{7D7BBAD1-36BA-425E-B5B8-2482BADC49E1}.Debug|x86.Build.0 = Debug|Win32
		{7D7BBAD1-36BA-425E-B5B8-2482BADC49E1}.Release|Any CPU.ActiveCfg = Release|Win32
		{7D7BBAD1-36BA-425E-B5B8-2482BADC49E1}.Release|ARM.ActiveCfg = Release|Win32
		{7D7BBAD1-36BA-425E-B5B8-2482BADC49E1}.Release|x64.ActiveCfg = Release|x64
		{7D7BBAD1-36BA-425E-B5B8-2482BADC49E1}.Release|x64.Build.0 = Release|x64
		{7D7BBAD1-36BA-425E-B5B8-2482BADC49E1}.Release|x86.ActiveCfg = Release|Win32
		{7D7BBAD1-36BA-425E-B5B8-2482BADC49E1}.Release|x86.Build.0 = Release|Win32
		{8B43AB7A-78F8-4965-B68E-C71A0B52F61F}.Debug|Any CPU.ActiveCfg = Debug|Any CPU
		{8B43AB7A-78F8-4965-B68E-C71A0B52F61F}.Debug|Any CPU.Build.0 = Debug|Any CPU
		{8B43AB7A-78F8-4965-B68E-C71A0B52F61F}.Debug|ARM.ActiveCfg = Debug|Any CPU
		{8B43AB7A-78F8-4965-B68E-C71A0B52F61F}.Debug|ARM.Build.0 = Debug|Any CPU
		{8B43AB7A-78F8-4965-B68E-C71A0B52F61F}.Debug|x64.ActiveCfg = Debug|Any CPU
		{8B43AB7A-78F8-4965-B68E-C71A0B52F61F}.Debug|x64.Build.0 = Debug|Any CPU
		{8B43AB7A-78F8-4965-B68E-C71A0B52F61F}.Debug|x86.ActiveCfg = Debug|Any CPU
		{8B43AB7A-78F8-4965-B68E-C71A0B52F61F}.Debug|x86.Build.0 = Debug|Any CPU
		{8B43AB7A-78F8-4965-B68E-C71A0B52F61F}.Release|Any CPU.ActiveCfg = Release|Any CPU
		{8B43AB7A-78F8-4965-B68E-C71A0B52F61F}.Release|Any CPU.Build.0 = Release|Any CPU
		{8B43AB7A-78F8-4965-B68E-C71A0B52F61F}.Release|ARM.ActiveCfg = Release|Any CPU
		{8B43AB7A-78F8-4965-B68E-C71A0B52F61F}.Release|ARM.Build.0 = Release|Any CPU
		{8B43AB7A-78F8-4965-B68E-C71A0B52F61F}.Release|x64.ActiveCfg = Release|Any CPU
		{8B43AB7A-78F8-4965-B68E-C71A0B52F61F}.Release|x64.Build.0 = Release|Any CPU
		{8B43AB7A-78F8-4965-B68E-C71A0B52F61F}.Release|x86.ActiveCfg = Release|Any CPU
		{8B43AB7A-78F8-4965-B68E-C71A0B52F61F}.Release|x86.Build.0 = Release|Any CPU
		{54FFE5D0-3FD7-4240-B96D-C6F90ED6333B}.Debug|Any CPU.ActiveCfg = Debug|Win32
		{54FFE5D0-3FD7-4240-B96D-C6F90ED6333B}.Debug|ARM.ActiveCfg = Debug|Win32
		{54FFE5D0-3FD7-4240-B96D-C6F90ED6333B}.Debug|x64.ActiveCfg = Debug|x64
		{54FFE5D0-3FD7-4240-B96D-C6F90ED6333B}.Debug|x64.Build.0 = Debug|x64
		{54FFE5D0-3FD7-4240-B96D-C6F90ED6333B}.Debug|x86.ActiveCfg = Debug|Win32
		{54FFE5D0-3FD7-4240-B96D-C6F90ED6333B}.Debug|x86.Build.0 = Debug|Win32
		{54FFE5D0-3FD7-4240-B96D-C6F90ED6333B}.Release|Any CPU.ActiveCfg = Release|Win32
		{54FFE5D0-3FD7-4240-B96D-C6F90ED6333B}.Release|ARM.ActiveCfg = Release|Win32
		{54FFE5D0-3FD7-4240-B96D-C6F90ED6333B}.Release|x64.ActiveCfg = Release|x64
		{54FFE5D0-3FD7-4240-B96D-C6F90ED6333B}.Release|x64.Build.0 = Release|x64
		{54FFE5D0-3FD7-4240-B96D-C6F90ED6333B}.Release|x86.ActiveCfg = Release|Win32
		{54FFE5D0-3FD7-4240-B96D-C6F90ED6333B}.Release|x86.Build.0 = Release|Win32
	EndGlobalSection
	GlobalSection(SolutionProperties) = preSolution
		HideSolutionNode = FALSE
	EndGlobalSection
	GlobalSection(ExtensibilityGlobals) = postSolution
		SolutionGuid = {7035242C-F146-44EE-9F9E-EC3858A6F2DE}
	EndGlobalSection
EndGlobal
